<?xml version="1.0" encoding="UTF-8" standalone="yes" ?>
<CodeBlocks_project_file>
	<FileVersion major="1" minor="6" />
	<Project>
		<Option title="depp2" />
		<Option pch_mode="2" />
		<Option compiler="gfortran" />
		<Build>
			<Target title="Debug">
				<Option output="bin/Debug/depp2" prefix_auto="1" extension_auto="1" />
				<Option object_output="obj/Debug/" />
				<Option type="1" />
				<Option compiler="gfortran" />
				<Compiler>
					<Add option="-g" />
				</Compiler>
			</Target>
			<Target title="Release">
				<Option output="bin/Release/depp2" prefix_auto="1" extension_auto="1" />
				<Option object_output="obj/Release/" />
				<Option type="1" />
				<Option compiler="gfortran" />
				<Compiler>
					<Add option="-O2" />
				</Compiler>
				<Linker>
					<Add option="-s" />
				</Linker>
			</Target>
		</Build>
		<Compiler>
			<Add option="-Wall" />
		</Compiler>
		<Unit filename="depp_class_DE_RAND_1.f90" />
		<Unit filename="depp_class_abstract_individual_generator.f90" />
		<Unit filename="depp_class_ifile.f90" />
		<Unit filename="depp_class_system_variables.f90" />
		<Unit filename="depp_global_parameters.f90" />
		<Unit filename="depp_hybrid.f90">
			<Option weight="2" />
		</Unit>
		<Unit filename="depp_input.f90">
			<Option weight="0" />
		</Unit>
		<Unit filename="depp_main.f90">
			<Option weight="3" />
		</Unit>
		<Unit filename="depp_mpi.f90" />
		<Unit filename="depp_no_improvement_stopping_condition.f90">
			<Option weight="0" />
		</Unit>
		<Unit filename="depp_output.f90">
			<Option weight="0" />
		</Unit>
		<Unit filename="depp_qsort.f90">
			<Option weight="0" />
		</Unit>
		<Unit filename="depp_random_generator.f90" />
		<Unit filename="depp_rsm.f90">
			<Option weight="0" />
		</Unit>
		<Unit filename="depp_rsm_dynamic_control.f90">
			<Option weight="0" />
		</Unit>
		<Unit filename="depp_stopping_condition_module.f90">
			<Option weight="1" />
		</Unit>
		<Unit filename="depp_timer.f90" />
		<Unit filename="depp_tools.f90">
			<Option weight="1" />
		</Unit>
		<Extensions>
			<envvars />
			<code_completion />
			<lib_finder disable_auto="1" />
			<debugger />
		</Extensions>
	</Project>
</CodeBlocks_project_file>
