<?xml version="1.0" encoding="UTF-8" standalone="yes" ?>
<CodeBlocks_project_file>
	<FileVersion major="1" minor="6" />
	<Project>
		<Option title="depp2" />
		<Option pch_mode="2" />
		<Option compiler="gfortran" />
		<Build>
			<Target title="Debug">
				<Option output="bin/Debug/depp2" prefix_auto="1" extension_auto="1" />
				<Option object_output="obj/Debug/" />
				<Option type="1" />
				<Option compiler="gfortran" />
				<Compiler>
					<Add option="-g" />
				</Compiler>
			</Target>
			<Target title="Release">
				<Option output="bin/Release/depp2" prefix_auto="1" extension_auto="1" />
				<Option object_output="obj/Release/" />
				<Option type="1" />
				<Option compiler="gfortran" />
				<Compiler>
					<Add option="-O2" />
				</Compiler>
				<Linker>
					<Add option="-s" />
				</Linker>
			</Target>
		</Build>
		<Compiler>
			<Add option="-Wall" />
		</Compiler>
		<Unit filename="depp_class_abstract_parallel_processed_data.f90">
			<Option weight="1" />
		</Unit>
		<Unit filename="depp_class_ehist.f90">
			<Option weight="2" />
		</Unit>
		<Unit filename="depp_class_log_output_control.f90" />
		<Unit filename="depp_class_optimizer.f90">
			<Option weight="7" />
		</Unit>
		<Unit filename="depp_class_parallel_processed_trial_population.f90">
			<Option weight="4" />
		</Unit>
		<Unit filename="depp_class_system_variables.f90">
			<Option weight="1" />
		</Unit>
		<Unit filename="depp_global_parameters.f90">
			<Option weight="0" />
		</Unit>
		<Unit filename="depp_history.f90">
			<Option weight="0" />
		</Unit>
		<Unit filename="depp_hybrid.f90">
			<Option weight="3" />
		</Unit>
		<Unit filename="depp_main.f90">
			<Option weight="8" />
		</Unit>
		<Unit filename="depp_mpi.f90">
			<Option weight="0" />
		</Unit>
		<Unit filename="depp_output.f90">
			<Option weight="2" />
		</Unit>
		<Unit filename="depp_rsm.f90">
			<Option weight="0" />
		</Unit>
		<Unit filename="depp_rsm_dynamic_control.f90">
			<Option weight="0" />
		</Unit>
		<Unit filename="search_strategy/depp_class_DE_RAND_1.f90">
			<Option weight="1" />
		</Unit>
		<Unit filename="search_strategy/depp_class_DE_RSM.f90">
			<Option weight="0" />
		</Unit>
		<Unit filename="search_strategy/depp_class_abstract_search_strategy.f90">
			<Option weight="0" />
		</Unit>
		<Unit filename="search_strategy/depp_search_strategy_factory.f90">
			<Option weight="2" />
		</Unit>
		<Unit filename="stop_condition/depp_class_abstract_stop_condition.f90">
			<Option weight="3" />
		</Unit>
		<Unit filename="stop_condition/depp_class_composite_stop_condition.f90">
			<Option weight="6" />
		</Unit>
		<Unit filename="stop_condition/depp_class_max_generations_stop_condition.f90">
			<Option weight="4" />
		</Unit>
		<Unit filename="stop_condition/depp_class_no_improvement_stop_condition.f90">
			<Option weight="4" />
		</Unit>
		<Unit filename="stop_condition/depp_class_p_measure_stop_condition.f90">
			<Option weight="4" />
		</Unit>
		<Unit filename="stop_condition/depp_stop_condition_factory.f90">
			<Option weight="5" />
		</Unit>
		<Unit filename="util/depp_class_btimer.f90">
			<Option weight="2" />
		</Unit>
		<Unit filename="util/depp_class_calendar.f90" />
		<Unit filename="util/depp_class_ifile.f90">
			<Option weight="0" />
		</Unit>
		<Unit filename="util/depp_class_timer.f90">
			<Option weight="0" />
		</Unit>
		<Unit filename="util/depp_qsort.f90">
			<Option weight="0" />
		</Unit>
		<Unit filename="util/depp_random_generator.f90">
			<Option weight="0" />
		</Unit>
		<Unit filename="util/depp_tools.f90">
			<Option weight="2" />
		</Unit>
		<Extensions>
			<envvars />
			<code_completion />
			<lib_finder disable_auto="1" />
			<debugger />
		</Extensions>
	</Project>
</CodeBlocks_project_file>
